
Microsoft Visual Studio Solution File, Format Version 12.00
# Visual Studio Version 17
VisualStudioVersion = 17.9.34714.143
MinimumVisualStudioVersion = 10.0.40219.1
Project("{FAE04EC0-301F-11D3-BF4B-00C04F79EFBC}") = "SenacQuizApp", "SenacQuizApp.csproj", "{4EC69700-E213-488A-B971-605AA7F038B9}"
EndProject
Global
	GlobalSection(SolutionConfigurationPlatforms) = preSolution
		Debug|Any CPU = Debug|Any CPU
		Release|Any CPU = Release|Any CPU
	EndGlobalSection
	GlobalSection(ProjectConfigurationPlatforms) = postSolution
		{4EC69700-E213-488A-B971-605AA7F038B9}.Debug|Any CPU.ActiveCfg = Debug|Any CPU
		{4EC69700-E213-488A-B971-605AA7F038B9}.Debug|Any CPU.Build.0 = Debug|Any CPU
		{4EC69700-E213-488A-B971-605AA7F038B9}.Release|Any CPU.ActiveCfg = Release|Any CPU
		{4EC69700-E213-488A-B971-605AA7F038B9}.Release|Any CPU.Build.0 = Release|Any CPU
	EndGlobalSection
	GlobalSection(SolutionProperties) = preSolution
		HideSolutionNode = FALSE
	EndGlobalSection
	GlobalSection(ExtensibilityGlobals) = postSolution
		SolutionGuid = {FBE804E3-C7A8-4A06-AA1F-44B12069580F}
	EndGlobalSection
EndGlobal
